
Microsoft Visual Studio Solution File, Format Version 12.00
# Visual Studio Version 17
VisualStudioVersion = 17.7.34031.279
MinimumVisualStudioVersion = 10.0.40219.1
Project("{FAE04EC0-301F-11D3-BF4B-00C04F79EFBC}") = "RG_Classe_Formes", "RG_Classe_Formes\RG_Classe_Formes.csproj", "{B2D3A7AA-4B61-48F0-9472-AC2519FB3A0B}"
EndProject
Global
	GlobalSection(SolutionConfigurationPlatforms) = preSolution
		Debug|Any CPU = Debug|Any CPU
		Release|Any CPU = Release|Any CPU
	EndGlobalSection
	GlobalSection(ProjectConfigurationPlatforms) = postSolution
		{B2D3A7AA-4B61-48F0-9472-AC2519FB3A0B}.Debug|Any CPU.ActiveCfg = Debug|Any CPU
		{B2D3A7AA-4B61-48F0-9472-AC2519FB3A0B}.Debug|Any CPU.Build.0 = Debug|Any CPU
		{B2D3A7AA-4B61-48F0-9472-AC2519FB3A0B}.Release|Any CPU.ActiveCfg = Release|Any CPU
		{B2D3A7AA-4B61-48F0-9472-AC2519FB3A0B}.Release|Any CPU.Build.0 = Release|Any CPU
	EndGlobalSection
	GlobalSection(SolutionProperties) = preSolution
		HideSolutionNode = FALSE
	EndGlobalSection
	GlobalSection(ExtensibilityGlobals) = postSolution
		SolutionGuid = {3E4581FF-86DA-4837-853C-BC89C7AF96A8}
	EndGlobalSection
EndGlobal
