
Microsoft Visual Studio Solution File, Format Version 12.00
# Visual Studio Version 17
VisualStudioVersion = 17.6.33815.320
MinimumVisualStudioVersion = 10.0.40219.1
Project("{FAE04EC0-301F-11D3-BF4B-00C04F79EFBC}") = "Immo", "Immo\Immo.csproj", "{F703DFA6-1266-4C2B-B528-83C4838A91BA}"
EndProject
Global
	GlobalSection(SolutionConfigurationPlatforms) = preSolution
		Debug|Any CPU = Debug|Any CPU
		Release|Any CPU = Release|Any CPU
	EndGlobalSection
	GlobalSection(ProjectConfigurationPlatforms) = postSolution
		{F703DFA6-1266-4C2B-B528-83C4838A91BA}.Debug|Any CPU.ActiveCfg = Debug|Any CPU
		{F703DFA6-1266-4C2B-B528-83C4838A91BA}.Debug|Any CPU.Build.0 = Debug|Any CPU
		{F703DFA6-1266-4C2B-B528-83C4838A91BA}.Release|Any CPU.ActiveCfg = Release|Any CPU
		{F703DFA6-1266-4C2B-B528-83C4838A91BA}.Release|Any CPU.Build.0 = Release|Any CPU
	EndGlobalSection
	GlobalSection(SolutionProperties) = preSolution
		HideSolutionNode = FALSE
	EndGlobalSection
	GlobalSection(ExtensibilityGlobals) = postSolution
		SolutionGuid = {DD4144EA-B363-4898-9DAF-30774FB84A1E}
	EndGlobalSection
EndGlobal
