
Microsoft Visual Studio Solution File, Format Version 12.00
# Visual Studio Version 17
VisualStudioVersion = 17.6.33815.320
MinimumVisualStudioVersion = 10.0.40219.1
Project("{FAE04EC0-301F-11D3-BF4B-00C04F79EFBC}") = "CeUAA14Partie2_dec23_Grootaers", "CeUAA14Partie2_dec23_Grootaers\CeUAA14Partie2_dec23_Grootaers.csproj", "{62FC8F7B-19B8-46EE-B2EB-4F273BA76319}"
EndProject
Global
	GlobalSection(SolutionConfigurationPlatforms) = preSolution
		Debug|Any CPU = Debug|Any CPU
		Release|Any CPU = Release|Any CPU
	EndGlobalSection
	GlobalSection(ProjectConfigurationPlatforms) = postSolution
		{62FC8F7B-19B8-46EE-B2EB-4F273BA76319}.Debug|Any CPU.ActiveCfg = Debug|Any CPU
		{62FC8F7B-19B8-46EE-B2EB-4F273BA76319}.Debug|Any CPU.Build.0 = Debug|Any CPU
		{62FC8F7B-19B8-46EE-B2EB-4F273BA76319}.Release|Any CPU.ActiveCfg = Release|Any CPU
		{62FC8F7B-19B8-46EE-B2EB-4F273BA76319}.Release|Any CPU.Build.0 = Release|Any CPU
	EndGlobalSection
	GlobalSection(SolutionProperties) = preSolution
		HideSolutionNode = FALSE
	EndGlobalSection
	GlobalSection(ExtensibilityGlobals) = postSolution
		SolutionGuid = {24584DDC-5827-42D9-8759-2AE46801372D}
	EndGlobalSection
EndGlobal
