
Microsoft Visual Studio Solution File, Format Version 12.00
# Visual Studio Version 17
VisualStudioVersion = 17.6.33815.320
MinimumVisualStudioVersion = 10.0.40219.1
Project("{FAE04EC0-301F-11D3-BF4B-00C04F79EFBC}") = "ACT2_6TTIRG", "ACT2_6TTIRG\ACT2_6TTIRG.csproj", "{D681FF27-D13D-4C0D-9A53-F10C2F4A45DF}"
EndProject
Global
	GlobalSection(SolutionConfigurationPlatforms) = preSolution
		Debug|Any CPU = Debug|Any CPU
		Release|Any CPU = Release|Any CPU
	EndGlobalSection
	GlobalSection(ProjectConfigurationPlatforms) = postSolution
		{D681FF27-D13D-4C0D-9A53-F10C2F4A45DF}.Debug|Any CPU.ActiveCfg = Debug|Any CPU
		{D681FF27-D13D-4C0D-9A53-F10C2F4A45DF}.Debug|Any CPU.Build.0 = Debug|Any CPU
		{D681FF27-D13D-4C0D-9A53-F10C2F4A45DF}.Release|Any CPU.ActiveCfg = Release|Any CPU
		{D681FF27-D13D-4C0D-9A53-F10C2F4A45DF}.Release|Any CPU.Build.0 = Release|Any CPU
	EndGlobalSection
	GlobalSection(SolutionProperties) = preSolution
		HideSolutionNode = FALSE
	EndGlobalSection
	GlobalSection(ExtensibilityGlobals) = postSolution
		SolutionGuid = {80D26B7B-39D3-4137-B3FA-4B0D1316C1CA}
	EndGlobalSection
EndGlobal
