
Microsoft Visual Studio Solution File, Format Version 12.00
# Visual Studio Version 17
VisualStudioVersion = 17.6.33815.320
MinimumVisualStudioVersion = 10.0.40219.1
Project("{FAE04EC0-301F-11D3-BF4B-00C04F79EFBC}") = "POOExChien", "POOExChien\POOExChien.csproj", "{3ED15AA0-5DCB-4BB6-9A02-86DF54683369}"
EndProject
Global
	GlobalSection(SolutionConfigurationPlatforms) = preSolution
		Debug|Any CPU = Debug|Any CPU
		Release|Any CPU = Release|Any CPU
	EndGlobalSection
	GlobalSection(ProjectConfigurationPlatforms) = postSolution
		{3ED15AA0-5DCB-4BB6-9A02-86DF54683369}.Debug|Any CPU.ActiveCfg = Debug|Any CPU
		{3ED15AA0-5DCB-4BB6-9A02-86DF54683369}.Debug|Any CPU.Build.0 = Debug|Any CPU
		{3ED15AA0-5DCB-4BB6-9A02-86DF54683369}.Release|Any CPU.ActiveCfg = Release|Any CPU
		{3ED15AA0-5DCB-4BB6-9A02-86DF54683369}.Release|Any CPU.Build.0 = Release|Any CPU
	EndGlobalSection
	GlobalSection(SolutionProperties) = preSolution
		HideSolutionNode = FALSE
	EndGlobalSection
	GlobalSection(ExtensibilityGlobals) = postSolution
		SolutionGuid = {99FA3916-B220-4616-867C-4B0A3C801F82}
	EndGlobalSection
EndGlobal
